
Microsoft Visual Studio Solution File, Format Version 12.00
# Visual Studio Version 16
VisualStudioVersion = 16.0.30114.105
MinimumVisualStudioVersion = 10.0.40219.1
Project("{FAE04EC0-301F-11D3-BF4B-00C04F79EFBC}") = "TurtleGraphics.Android", "TurtleGraphics\TurtleGraphics.Android\TurtleGraphics.Android.csproj", "{534DBFF2-A603-4726-B63E-B1229C4E80B8}"
EndProject
Project("{FAE04EC0-301F-11D3-BF4B-00C04F79EFBC}") = "TurtleGraphics.iOS", "TurtleGraphics\TurtleGraphics.iOS\TurtleGraphics.iOS.csproj", "{864E2BC9-5FD8-449F-8ACC-505B6C76D72E}"
EndProject
Project("{9A19103F-16F7-4668-BE54-9A1E7A4F7556}") = "TurtleGraphics", "TurtleGraphics\TurtleGraphics\TurtleGraphics.csproj", "{0B135496-D427-4B3D-9A89-3E221A32F281}"
EndProject
Project("{FAE04EC0-301F-11D3-BF4B-00C04F79EFBC}") = "TurtleGraphics.UWP", "TurtleGraphics\TurtleGraphics.UWP\TurtleGraphics.UWP.csproj", "{0B4965D9-F7E8-4690-A5D7-BDB5161EECC4}"
EndProject
Global
	GlobalSection(SolutionConfigurationPlatforms) = preSolution
		Debug|Any CPU = Debug|Any CPU
		Debug|ARM = Debug|ARM
		Debug|iPhone = Debug|iPhone
		Debug|iPhoneSimulator = Debug|iPhoneSimulator
		Debug|x64 = Debug|x64
		Debug|x86 = Debug|x86
		Release|Any CPU = Release|Any CPU
		Release|ARM = Release|ARM
		Release|iPhone = Release|iPhone
		Release|iPhoneSimulator = Release|iPhoneSimulator
		Release|x64 = Release|x64
		Release|x86 = Release|x86
	EndGlobalSection
	GlobalSection(ProjectConfigurationPlatforms) = postSolution
		{534DBFF2-A603-4726-B63E-B1229C4E80B8}.Debug|Any CPU.ActiveCfg = Debug|Any CPU
		{534DBFF2-A603-4726-B63E-B1229C4E80B8}.Debug|Any CPU.Build.0 = Debug|Any CPU
		{534DBFF2-A603-4726-B63E-B1229C4E80B8}.Debug|Any CPU.Deploy.0 = Debug|Any CPU
		{534DBFF2-A603-4726-B63E-B1229C4E80B8}.Debug|ARM.ActiveCfg = Debug|Any CPU
		{534DBFF2-A603-4726-B63E-B1229C4E80B8}.Debug|ARM.Build.0 = Debug|Any CPU
		{534DBFF2-A603-4726-B63E-B1229C4E80B8}.Debug|ARM.Deploy.0 = Debug|Any CPU
		{534DBFF2-A603-4726-B63E-B1229C4E80B8}.Debug|iPhone.ActiveCfg = Debug|Any CPU
		{534DBFF2-A603-4726-B63E-B1229C4E80B8}.Debug|iPhone.Build.0 = Debug|Any CPU
		{534DBFF2-A603-4726-B63E-B1229C4E80B8}.Debug|iPhone.Deploy.0 = Debug|Any CPU
		{534DBFF2-A603-4726-B63E-B1229C4E80B8}.Debug|iPhoneSimulator.ActiveCfg = Debug|Any CPU
		{534DBFF2-A603-4726-B63E-B1229C4E80B8}.Debug|iPhoneSimulator.Build.0 = Debug|Any CPU
		{534DBFF2-A603-4726-B63E-B1229C4E80B8}.Debug|iPhoneSimulator.Deploy.0 = Debug|Any CPU
		{534DBFF2-A603-4726-B63E-B1229C4E80B8}.Debug|x64.ActiveCfg = Debug|Any CPU
		{534DBFF2-A603-4726-B63E-B1229C4E80B8}.Debug|x64.Build.0 = Debug|Any CPU
		{534DBFF2-A603-4726-B63E-B1229C4E80B8}.Debug|x64.Deploy.0 = Debug|Any CPU
		{534DBFF2-A603-4726-B63E-B1229C4E80B8}.Debug|x86.ActiveCfg = Debug|Any CPU
		{534DBFF2-A603-4726-B63E-B1229C4E80B8}.Debug|x86.Build.0 = Debug|Any CPU
		{534DBFF2-A603-4726-B63E-B1229C4E80B8}.Debug|x86.Deploy.0 = Debug|Any CPU
		{534DBFF2-A603-4726-B63E-B1229C4E80B8}.Release|Any CPU.ActiveCfg = Release|Any CPU
		{534DBFF2-A603-4726-B63E-B1229C4E80B8}.Release|Any CPU.Build.0 = Release|Any CPU
		{534DBFF2-A603-4726-B63E-B1229C4E80B8}.Release|Any CPU.Deploy.0 = Release|Any CPU
		{534DBFF2-A603-4726-B63E-B1229C4E80B8}.Release|ARM.ActiveCfg = Release|Any CPU
		{534DBFF2-A603-4726-B63E-B1229C4E80B8}.Release|ARM.Build.0 = Release|Any CPU
		{534DBFF2-A603-4726-B63E-B1229C4E80B8}.Release|ARM.Deploy.0 = Release|Any CPU
		{534DBFF2-A603-4726-B63E-B1229C4E80B8}.Release|iPhone.ActiveCfg = Release|Any CPU
		{534DBFF2-A603-4726-B63E-B1229C4E80B8}.Release|iPhone.Build.0 = Release|Any CPU
		{534DBFF2-A603-4726-B63E-B1229C4E80B8}.Release|iPhone.Deploy.0 = Release|Any CPU
		{534DBFF2-A603-4726-B63E-B1229C4E80B8}.Release|iPhoneSimulator.ActiveCfg = Release|Any CPU
		{534DBFF2-A603-4726-B63E-B1229C4E80B8}.Release|iPhoneSimulator.Build.0 = Release|Any CPU
		{534DBFF2-A603-4726-B63E-B1229C4E80B8}.Release|iPhoneSimulator.Deploy.0 = Release|Any CPU
		{534DBFF2-A603-4726-B63E-B1229C4E80B8}.Release|x64.ActiveCfg = Release|Any CPU
		{534DBFF2-A603-4726-B63E-B1229C4E80B8}.Release|x64.Build.0 = Release|Any CPU
		{534DBFF2-A603-4726-B63E-B1229C4E80B8}.Release|x64.Deploy.0 = Release|Any CPU
		{534DBFF2-A603-4726-B63E-B1229C4E80B8}.Release|x86.ActiveCfg = Release|Any CPU
		{534DBFF2-A603-4726-B63E-B1229C4E80B8}.Release|x86.Build.0 = Release|Any CPU
		{534DBFF2-A603-4726-B63E-B1229C4E80B8}.Release|x86.Deploy.0 = Release|Any CPU
		{864E2BC9-5FD8-449F-8ACC-505B6C76D72E}.Debug|Any CPU.ActiveCfg = Debug|iPhone
		{864E2BC9-5FD8-449F-8ACC-505B6C76D72E}.Debug|Any CPU.Build.0 = Debug|iPhone
		{864E2BC9-5FD8-449F-8ACC-505B6C76D72E}.Debug|Any CPU.Deploy.0 = Debug|iPhone
		{864E2BC9-5FD8-449F-8ACC-505B6C76D72E}.Debug|ARM.ActiveCfg = Debug|iPhone
		{864E2BC9-5FD8-449F-8ACC-505B6C76D72E}.Debug|ARM.Build.0 = Debug|iPhone
		{864E2BC9-5FD8-449F-8ACC-505B6C76D72E}.Debug|ARM.Deploy.0 = Debug|iPhone
		{864E2BC9-5FD8-449F-8ACC-505B6C76D72E}.Debug|iPhone.ActiveCfg = Debug|iPhone
		{864E2BC9-5FD8-449F-8ACC-505B6C76D72E}.Debug|iPhone.Build.0 = Debug|iPhone
		{864E2BC9-5FD8-449F-8ACC-505B6C76D72E}.Debug|iPhone.Deploy.0 = Debug|iPhone
		{864E2BC9-5FD8-449F-8ACC-505B6C76D72E}.Debug|iPhoneSimulator.ActiveCfg = Debug|iPhoneSimulator
		{864E2BC9-5FD8-449F-8ACC-505B6C76D72E}.Debug|iPhoneSimulator.Build.0 = Debug|iPhoneSimulator
		{864E2BC9-5FD8-449F-8ACC-505B6C76D72E}.Debug|iPhoneSimulator.Deploy.0 = Debug|iPhoneSimulator
		{864E2BC9-5FD8-449F-8ACC-505B6C76D72E}.Debug|x64.ActiveCfg = Debug|iPhone
		{864E2BC9-5FD8-449F-8ACC-505B6C76D72E}.Debug|x64.Build.0 = Debug|iPhone
		{864E2BC9-5FD8-449F-8ACC-505B6C76D72E}.Debug|x64.Deploy.0 = Debug|iPhone
		{864E2BC9-5FD8-449F-8ACC-505B6C76D72E}.Debug|x86.ActiveCfg = Debug|iPhone
		{864E2BC9-5FD8-449F-8ACC-505B6C76D72E}.Debug|x86.Build.0 = Debug|iPhone
		{864E2BC9-5FD8-449F-8ACC-505B6C76D72E}.Debug|x86.Deploy.0 = Debug|iPhone
		{864E2BC9-5FD8-449F-8ACC-505B6C76D72E}.Release|Any CPU.ActiveCfg = Release|iPhone
		{864E2BC9-5FD8-449F-8ACC-505B6C76D72E}.Release|Any CPU.Build.0 = Release|iPhone
		{864E2BC9-5FD8-449F-8ACC-505B6C76D72E}.Release|Any CPU.Deploy.0 = Release|iPhone
		{864E2BC9-5FD8-449F-8ACC-505B6C76D72E}.Release|ARM.ActiveCfg = Release|iPhone
		{864E2BC9-5FD8-449F-8ACC-505B6C76D72E}.Release|ARM.Build.0 = Release|iPhone
		{864E2BC9-5FD8-449F-8ACC-505B6C76D72E}.Release|ARM.Deploy.0 = Release|iPhone
		{864E2BC9-5FD8-449F-8ACC-505B6C76D72E}.Release|iPhone.ActiveCfg = Release|iPhone
		{864E2BC9-5FD8-449F-8ACC-505B6C76D72E}.Release|iPhone.Build.0 = Release|iPhone
		{864E2BC9-5FD8-449F-8ACC-505B6C76D72E}.Release|iPhone.Deploy.0 = Release|iPhone
		{864E2BC9-5FD8-449F-8ACC-505B6C76D72E}.Release|iPhoneSimulator.ActiveCfg = Release|iPhoneSimulator
		{864E2BC9-5FD8-449F-8ACC-505B6C76D72E}.Release|iPhoneSimulator.Build.0 = Release|iPhoneSimulator
		{864E2BC9-5FD8-449F-8ACC-505B6C76D72E}.Release|iPhoneSimulator.Deploy.0 = Release|iPhoneSimulator
		{864E2BC9-5FD8-449F-8ACC-505B6C76D72E}.Release|x64.ActiveCfg = Release|iPhone
		{864E2BC9-5FD8-449F-8ACC-505B6C76D72E}.Release|x64.Build.0 = Release|iPhone
		{864E2BC9-5FD8-449F-8ACC-505B6C76D72E}.Release|x64.Deploy.0 = Release|iPhone
		{864E2BC9-5FD8-449F-8ACC-505B6C76D72E}.Release|x86.ActiveCfg = Release|iPhone
		{864E2BC9-5FD8-449F-8ACC-505B6C76D72E}.Release|x86.Build.0 = Release|iPhone
		{864E2BC9-5FD8-449F-8ACC-505B6C76D72E}.Release|x86.Deploy.0 = Release|iPhone
		{0B135496-D427-4B3D-9A89-3E221A32F281}.Debug|Any CPU.ActiveCfg = Debug|Any CPU
		{0B135496-D427-4B3D-9A89-3E221A32F281}.Debug|Any CPU.Build.0 = Debug|Any CPU
		{0B135496-D427-4B3D-9A89-3E221A32F281}.Debug|Any CPU.Deploy.0 = Debug|Any CPU
		{0B135496-D427-4B3D-9A89-3E221A32F281}.Debug|ARM.ActiveCfg = Debug|Any CPU
		{0B135496-D427-4B3D-9A89-3E221A32F281}.Debug|ARM.Build.0 = Debug|Any CPU
		{0B135496-D427-4B3D-9A89-3E221A32F281}.Debug|ARM.Deploy.0 = Debug|Any CPU
		{0B135496-D427-4B3D-9A89-3E221A32F281}.Debug|iPhone.ActiveCfg = Debug|Any CPU
		{0B135496-D427-4B3D-9A89-3E221A32F281}.Debug|iPhone.Build.0 = Debug|Any CPU
		{0B135496-D427-4B3D-9A89-3E221A32F281}.Debug|iPhone.Deploy.0 = Debug|Any CPU
		{0B135496-D427-4B3D-9A89-3E221A32F281}.Debug|iPhoneSimulator.ActiveCfg = Debug|Any CPU
		{0B135496-D427-4B3D-9A89-3E221A32F281}.Debug|iPhoneSimulator.Build.0 = Debug|Any CPU
		{0B135496-D427-4B3D-9A89-3E221A32F281}.Debug|iPhoneSimulator.Deploy.0 = Debug|Any CPU
		{0B135496-D427-4B3D-9A89-3E221A32F281}.Debug|x64.ActiveCfg = Debug|Any CPU
		{0B135496-D427-4B3D-9A89-3E221A32F281}.Debug|x64.Build.0 = Debug|Any CPU
		{0B135496-D427-4B3D-9A89-3E221A32F281}.Debug|x64.Deploy.0 = Debug|Any CPU
		{0B135496-D427-4B3D-9A89-3E221A32F281}.Debug|x86.ActiveCfg = Debug|Any CPU
		{0B135496-D427-4B3D-9A89-3E221A32F281}.Debug|x86.Build.0 = Debug|Any CPU
		{0B135496-D427-4B3D-9A89-3E221A32F281}.Debug|x86.Deploy.0 = Debug|Any CPU
		{0B135496-D427-4B3D-9A89-3E221A32F281}.Release|Any CPU.ActiveCfg = Release|Any CPU
		{0B135496-D427-4B3D-9A89-3E221A32F281}.Release|Any CPU.Build.0 = Release|Any CPU
		{0B135496-D427-4B3D-9A89-3E221A32F281}.Release|Any CPU.Deploy.0 = Release|Any CPU
		{0B135496-D427-4B3D-9A89-3E221A32F281}.Release|ARM.ActiveCfg = Release|Any CPU
		{0B135496-D427-4B3D-9A89-3E221A32F281}.Release|ARM.Build.0 = Release|Any CPU
		{0B135496-D427-4B3D-9A89-3E221A32F281}.Release|ARM.Deploy.0 = Release|Any CPU
		{0B135496-D427-4B3D-9A89-3E221A32F281}.Release|iPhone.ActiveCfg = Release|Any CPU
		{0B135496-D427-4B3D-9A89-3E221A32F281}.Release|iPhone.Build.0 = Release|Any CPU
		{0B135496-D427-4B3D-9A89-3E221A32F281}.Release|iPhone.Deploy.0 = Release|Any CPU
		{0B135496-D427-4B3D-9A89-3E221A32F281}.Release|iPhoneSimulator.ActiveCfg = Release|Any CPU
		{0B135496-D427-4B3D-9A89-3E221A32F281}.Release|iPhoneSimulator.Build.0 = Release|Any CPU
		{0B135496-D427-4B3D-9A89-3E221A32F281}.Release|iPhoneSimulator.Deploy.0 = Release|Any CPU
		{0B135496-D427-4B3D-9A89-3E221A32F281}.Release|x64.ActiveCfg = Release|Any CPU
		{0B135496-D427-4B3D-9A89-3E221A32F281}.Release|x64.Build.0 = Release|Any CPU
		{0B135496-D427-4B3D-9A89-3E221A32F281}.Release|x64.Deploy.0 = Release|Any CPU
		{0B135496-D427-4B3D-9A89-3E221A32F281}.Release|x86.ActiveCfg = Release|Any CPU
		{0B135496-D427-4B3D-9A89-3E221A32F281}.Release|x86.Build.0 = Release|Any CPU
		{0B135496-D427-4B3D-9A89-3E221A32F281}.Release|x86.Deploy.0 = Release|Any CPU
		{0B4965D9-F7E8-4690-A5D7-BDB5161EECC4}.Debug|Any CPU.ActiveCfg = Debug|x86
		{0B4965D9-F7E8-4690-A5D7-BDB5161EECC4}.Debug|ARM.ActiveCfg = Debug|ARM
		{0B4965D9-F7E8-4690-A5D7-BDB5161EECC4}.Debug|ARM.Build.0 = Debug|ARM
		{0B4965D9-F7E8-4690-A5D7-BDB5161EECC4}.Debug|ARM.Deploy.0 = Debug|ARM
		{0B4965D9-F7E8-4690-A5D7-BDB5161EECC4}.Debug|iPhone.ActiveCfg = Debug|x86
		{0B4965D9-F7E8-4690-A5D7-BDB5161EECC4}.Debug|iPhoneSimulator.ActiveCfg = Debug|x86
		{0B4965D9-F7E8-4690-A5D7-BDB5161EECC4}.Debug|x64.ActiveCfg = Debug|x64
		{0B4965D9-F7E8-4690-A5D7-BDB5161EECC4}.Debug|x64.Build.0 = Debug|x64
		{0B4965D9-F7E8-4690-A5D7-BDB5161EECC4}.Debug|x64.Deploy.0 = Debug|x64
		{0B4965D9-F7E8-4690-A5D7-BDB5161EECC4}.Debug|x86.ActiveCfg = Debug|x86
		{0B4965D9-F7E8-4690-A5D7-BDB5161EECC4}.Debug|x86.Build.0 = Debug|x86
		{0B4965D9-F7E8-4690-A5D7-BDB5161EECC4}.Debug|x86.Deploy.0 = Debug|x86
		{0B4965D9-F7E8-4690-A5D7-BDB5161EECC4}.Release|Any CPU.ActiveCfg = Release|x86
		{0B4965D9-F7E8-4690-A5D7-BDB5161EECC4}.Release|ARM.ActiveCfg = Release|ARM
		{0B4965D9-F7E8-4690-A5D7-BDB5161EECC4}.Release|ARM.Build.0 = Release|ARM
		{0B4965D9-F7E8-4690-A5D7-BDB5161EECC4}.Release|ARM.Deploy.0 = Release|ARM
		{0B4965D9-F7E8-4690-A5D7-BDB5161EECC4}.Release|iPhone.ActiveCfg = Release|x86
		{0B4965D9-F7E8-4690-A5D7-BDB5161EECC4}.Release|iPhoneSimulator.ActiveCfg = Release|x86
		{0B4965D9-F7E8-4690-A5D7-BDB5161EECC4}.Release|x64.ActiveCfg = Release|x64
		{0B4965D9-F7E8-4690-A5D7-BDB5161EECC4}.Release|x64.Build.0 = Release|x64
		{0B4965D9-F7E8-4690-A5D7-BDB5161EECC4}.Release|x64.Deploy.0 = Release|x64
		{0B4965D9-F7E8-4690-A5D7-BDB5161EECC4}.Release|x86.ActiveCfg = Release|x86
		{0B4965D9-F7E8-4690-A5D7-BDB5161EECC4}.Release|x86.Build.0 = Release|x86
		{0B4965D9-F7E8-4690-A5D7-BDB5161EECC4}.Release|x86.Deploy.0 = Release|x86
	EndGlobalSection
	GlobalSection(SolutionProperties) = preSolution
		HideSolutionNode = FALSE
	EndGlobalSection
	GlobalSection(ExtensibilityGlobals) = postSolution
		SolutionGuid = {D4C33C64-19BF-4A6C-A423-4A1B4DBBCFBB}
	EndGlobalSection
EndGlobal
